
Microsoft Visual Studio Solution File, Format Version 12.00
# Visual Studio 14
VisualStudioVersion = 14.0.23107.0
MinimumVisualStudioVersion = 10.0.40219.1
Project("{2150E333-8FDC-42A3-9474-1A3956D46DE8}") = "Solution Items", "Solution Items", "{F04D4AD6-5401-4488-B038-8C9F68407C8A}"
	ProjectSection(SolutionItems) = preProject
		about.html = about.html
		animation.js = animation.js
		index.html = index.html
		..\..\..\..\Downloads\jquery-2.1.4.js = ..\..\..\..\Downloads\jquery-2.1.4.js
		slide1.jpg = slide1.jpg
		style.css = style.css
		tutorials.html = tutorials.html
		..\..\..\..\Downloads\videot.png = ..\..\..\..\Downloads\videot.png
		..\..\..\..\Downloads\videou.png = ..\..\..\..\Downloads\videou.png
	EndProjectSection
EndProject
Global
	GlobalSection(SolutionProperties) = preSolution
		HideSolutionNode = FALSE
	EndGlobalSection
EndGlobal
